
Microsoft Visual Studio Solution File, Format Version 12.00
# Visual Studio 15
VisualStudioVersion = 15.0.26228.9
MinimumVisualStudioVersion = 10.0.40219.1
Project("{2150E333-8FDC-42A3-9474-1A3956D46DE8}") = "Solution Items", "Solution Items", "{66AD699B-A440-474F-851B-5A21C6573C76}"
	ProjectSection(SolutionItems) = preProject
		README.md = README.md
	EndProjectSection
EndProject
Project("{FAE04EC0-301F-11D3-BF4B-00C04F79EFBC}") = "MyQuiver", "Common\MyQuiver.csproj", "{C0AA9E40-6E77-436D-94F8-18EC83293708}"
EndProject
Project("{FAE04EC0-301F-11D3-BF4B-00C04F79EFBC}") = "MyQuiver.Model", "DataAccess\MyQuiver.Model.csproj", "{EC8581C6-18D2-4309-B20D-6BA1A7A7E92E}"
EndProject
Project("{FAE04EC0-301F-11D3-BF4B-00C04F79EFBC}") = "MyQuiver.Services", "Services\MyQuiver.Services.csproj", "{17B53584-2D5B-4FAC-8291-89ED756706A0}"
EndProject
Project("{FAE04EC0-301F-11D3-BF4B-00C04F79EFBC}") = "MyQuiver.Web.Api", "web\MyQuiver.Web.Api\MyQuiver.Web.Api.csproj", "{C161F740-AA08-4567-A1FA-B461706135F3}"
EndProject
Project("{FAE04EC0-301F-11D3-BF4B-00C04F79EFBC}") = "MyQuiver.Web.UI", "web\MyQuiver.Web.UI\MyQuiver.Web.UI.csproj", "{09614577-5E68-420D-8C71-9FCC4EBCEFA2}"
EndProject
Global
	GlobalSection(SolutionConfigurationPlatforms) = preSolution
		Debug|Any CPU = Debug|Any CPU
		Release|Any CPU = Release|Any CPU
	EndGlobalSection
	GlobalSection(ProjectConfigurationPlatforms) = postSolution
		{C0AA9E40-6E77-436D-94F8-18EC83293708}.Debug|Any CPU.ActiveCfg = Debug|Any CPU
		{C0AA9E40-6E77-436D-94F8-18EC83293708}.Debug|Any CPU.Build.0 = Debug|Any CPU
		{C0AA9E40-6E77-436D-94F8-18EC83293708}.Release|Any CPU.ActiveCfg = Release|Any CPU
		{C0AA9E40-6E77-436D-94F8-18EC83293708}.Release|Any CPU.Build.0 = Release|Any CPU
		{EC8581C6-18D2-4309-B20D-6BA1A7A7E92E}.Debug|Any CPU.ActiveCfg = Debug|Any CPU
		{EC8581C6-18D2-4309-B20D-6BA1A7A7E92E}.Debug|Any CPU.Build.0 = Debug|Any CPU
		{EC8581C6-18D2-4309-B20D-6BA1A7A7E92E}.Release|Any CPU.ActiveCfg = Release|Any CPU
		{EC8581C6-18D2-4309-B20D-6BA1A7A7E92E}.Release|Any CPU.Build.0 = Release|Any CPU
		{17B53584-2D5B-4FAC-8291-89ED756706A0}.Debug|Any CPU.ActiveCfg = Debug|Any CPU
		{17B53584-2D5B-4FAC-8291-89ED756706A0}.Debug|Any CPU.Build.0 = Debug|Any CPU
		{17B53584-2D5B-4FAC-8291-89ED756706A0}.Release|Any CPU.ActiveCfg = Release|Any CPU
		{17B53584-2D5B-4FAC-8291-89ED756706A0}.Release|Any CPU.Build.0 = Release|Any CPU
		{C161F740-AA08-4567-A1FA-B461706135F3}.Debug|Any CPU.ActiveCfg = Debug|Any CPU
		{C161F740-AA08-4567-A1FA-B461706135F3}.Debug|Any CPU.Build.0 = Debug|Any CPU
		{C161F740-AA08-4567-A1FA-B461706135F3}.Release|Any CPU.ActiveCfg = Release|Any CPU
		{C161F740-AA08-4567-A1FA-B461706135F3}.Release|Any CPU.Build.0 = Release|Any CPU
		{09614577-5E68-420D-8C71-9FCC4EBCEFA2}.Debug|Any CPU.ActiveCfg = Debug|Any CPU
		{09614577-5E68-420D-8C71-9FCC4EBCEFA2}.Debug|Any CPU.Build.0 = Debug|Any CPU
		{09614577-5E68-420D-8C71-9FCC4EBCEFA2}.Release|Any CPU.ActiveCfg = Release|Any CPU
		{09614577-5E68-420D-8C71-9FCC4EBCEFA2}.Release|Any CPU.Build.0 = Release|Any CPU
	EndGlobalSection
	GlobalSection(SolutionProperties) = preSolution
		HideSolutionNode = FALSE
	EndGlobalSection
	GlobalSection(ExtensibilityGlobals) = postSolution
		SolutionGuid = {74689D71-D37A-4C02-9C73-60A7304AECB3}
	EndGlobalSection
EndGlobal
